
Microsoft Visual Studio Solution File, Format Version 12.00
# Visual Studio Version 17
VisualStudioVersion = 17.14.36518.9 d17.14
MinimumVisualStudioVersion = 10.0.40219.1
Project("{FAE04EC0-301F-11D3-BF4B-00C04F79EFBC}") = "AppPL", "AppPL\AppPL.csproj", "{CCA2E03E-89FF-4BB5-8506-FF9E26781FEC}"
EndProject
Project("{FAE04EC0-301F-11D3-BF4B-00C04F79EFBC}") = "AppDAL", "AppDAL\AppDAL.csproj", "{5C558151-6773-4C0E-BDAD-65C0EF5B0728}"
EndProject
Project("{FAE04EC0-301F-11D3-BF4B-00C04F79EFBC}") = "AppBL", "AppBL\AppBL.csproj", "{6A41D7C0-0359-4B9E-8A6D-F3D194EBEC34}"
EndProject
Global
	GlobalSection(SolutionConfigurationPlatforms) = preSolution
		Debug|Any CPU = Debug|Any CPU
		Release|Any CPU = Release|Any CPU
	EndGlobalSection
	GlobalSection(ProjectConfigurationPlatforms) = postSolution
		{CCA2E03E-89FF-4BB5-8506-FF9E26781FEC}.Debug|Any CPU.ActiveCfg = Debug|Any CPU
		{CCA2E03E-89FF-4BB5-8506-FF9E26781FEC}.Debug|Any CPU.Build.0 = Debug|Any CPU
		{CCA2E03E-89FF-4BB5-8506-FF9E26781FEC}.Release|Any CPU.ActiveCfg = Release|Any CPU
		{CCA2E03E-89FF-4BB5-8506-FF9E26781FEC}.Release|Any CPU.Build.0 = Release|Any CPU
		{5C558151-6773-4C0E-BDAD-65C0EF5B0728}.Debug|Any CPU.ActiveCfg = Debug|Any CPU
		{5C558151-6773-4C0E-BDAD-65C0EF5B0728}.Debug|Any CPU.Build.0 = Debug|Any CPU
		{5C558151-6773-4C0E-BDAD-65C0EF5B0728}.Release|Any CPU.ActiveCfg = Release|Any CPU
		{5C558151-6773-4C0E-BDAD-65C0EF5B0728}.Release|Any CPU.Build.0 = Release|Any CPU
		{6A41D7C0-0359-4B9E-8A6D-F3D194EBEC34}.Debug|Any CPU.ActiveCfg = Debug|Any CPU
		{6A41D7C0-0359-4B9E-8A6D-F3D194EBEC34}.Debug|Any CPU.Build.0 = Debug|Any CPU
		{6A41D7C0-0359-4B9E-8A6D-F3D194EBEC34}.Release|Any CPU.ActiveCfg = Release|Any CPU
		{6A41D7C0-0359-4B9E-8A6D-F3D194EBEC34}.Release|Any CPU.Build.0 = Release|Any CPU
	EndGlobalSection
	GlobalSection(SolutionProperties) = preSolution
		HideSolutionNode = FALSE
	EndGlobalSection
	GlobalSection(ExtensibilityGlobals) = postSolution
		SolutionGuid = {6FF12164-26EE-45E5-A98A-7B5EEB438263}
	EndGlobalSection
EndGlobal
